// !$*UTF8*$!
{
	archiveVersion = 1;
	classes = {
	};
	objectVersion = 50;
	objects = {

/* Begin PBXBuildFile section */
		991FF62B2454562C00631C8A /* AppDelegate.swift in Sources */ = {isa = PBXBuildFile; fileRef = 991FF62A2454562C00631C8A /* AppDelegate.swift */; };
		991FF62D2454562C00631C8A /* SceneDelegate.swift in Sources */ = {isa = PBXBuildFile; fileRef = 991FF62C2454562C00631C8A /* SceneDelegate.swift */; };
		991FF62F2454562C00631C8A /* ViewController.swift in Sources */ = {isa = PBXBuildFile; fileRef = 991FF62E2454562C00631C8A /* ViewController.swift */; };
		991FF6322454562C00631C8A /* Main.storyboard in Resources */ = {isa = PBXBuildFile; fileRef = 991FF6302454562C00631C8A /* Main.storyboard */; };
		991FF6342454562E00631C8A /* Assets.xcassets in Resources */ = {isa = PBXBuildFile; fileRef = 991FF6332454562E00631C8A /* Assets.xcassets */; };
		991FF6372454562E00631C8A /* LaunchScreen.storyboard in Resources */ = {isa = PBXBuildFile; fileRef = 991FF6352454562E00631C8A /* LaunchScreen.storyboard */; };
		991FF6422454562F00631C8A /* Project_for_old_manTests.swift in Sources */ = {isa = PBXBuildFile; fileRef = 991FF6412454562F00631C8A /* Project_for_old_manTests.swift */; };
/* End PBXBuildFile section */

/* Begin PBXContainerItemProxy section */
		991FF63E2454562F00631C8A /* PBXContainerItemProxy */ = {
			isa = PBXContainerItemProxy;
			containerPortal = 991FF61F2454562C00631C8A /* Project object */;
			proxyType = 1;
			remoteGlobalIDString = 991FF6262454562C00631C8A;
			remoteInfo = "Project for old man";
		};
/* End PBXContainerItemProxy section */

/* Begin PBXFileReference section */
		991FF6272454562C00631C8A /* Project for old man.app */ = {isa = PBXFileReference; explicitFileType = wrapper.application; includeInIndex = 0; path = "Project for old man.app"; sourceTree = BUILT_PRODUCTS_DIR; };
		991FF62A2454562C00631C8A /* AppDelegate.swift */ = {isa = PBXFileReference; lastKnownFileType = sourcecode.swift; path = AppDelegate.swift; sourceTree = "<group>"; };
		991FF62C2454562C00631C8A /* SceneDelegate.swift */ = {isa = PBXFileReference; lastKnownFileType = sourcecode.swift; path = SceneDelegate.swift; sourceTree = "<group>"; };
		991FF62E2454562C00631C8A /* ViewController.swift */ = {isa = PBXFileReference; lastKnownFileType = sourcecode.swift; path = ViewController.swift; sourceTree = "<group>"; };
		991FF6312454562C00631C8A /* Base */ = {isa = PBXFileReference; lastKnownFileType = file.storyboard; name = Base; path = Base.lproj/Main.storyboard; sourceTree = "<group>"; };
		991FF6332454562E00631C8A /* Assets.xcassets */ = {isa = PBXFileReference; lastKnownFileType = folder.assetcatalog; path = Assets.xcassets; sourceTree = "<group>"; };
		991FF6362454562E00631C8A /* Base */ = {isa = PBXFileReference; lastKnownFileType = file.storyboard; name = Base; path = Base.lproj/LaunchScreen.storyboard; sourceTree = "<group>"; };
		991FF6382454562E00631C8A /* Info.plist */ = {isa = PBXFileReference; lastKnownFileType = text.plist.xml; path = Info.plist; sourceTree = "<group>"; };
		991FF63D2454562F00631C8A /* Project for old manTests.xctest */ = {isa = PBXFileReference; explicitFileType = wrapper.cfbundle; includeInIndex = 0; path = "Project for old manTests.xctest"; sourceTree = BUILT_PRODUCTS_DIR; };
		991FF6412454562F00631C8A /* Project_for_old_manTests.swift */ = {isa = PBXFileReference; lastKnownFileType = sourcecode.swift; path = Project_for_old_manTests.swift; sourceTree = "<group>"; };
		991FF6432454562F00631C8A /* Info.plist */ = {isa = PBXFileReference; lastKnownFileType = text.plist.xml; path = Info.plist; sourceTree = "<group>"; };
/* End PBXFileReference section */

/* Begin PBXFrameworksBuildPhase section */
		991FF6242454562C00631C8A /* Frameworks */ = {
			isa = PBXFrameworksBuildPhase;
			buildActionMask = 2147483647;
			files = (
			);
			runOnlyForDeploymentPostprocessing = 0;
		};
		991FF63A2454562F00631C8A /* Frameworks */ = {
			isa = PBXFrameworksBuildPhase;
			buildActionMask = 2147483647;
			files = (
			);
			runOnlyForDeploymentPostprocessing = 0;
		};
/* End PBXFrameworksBuildPhase section */

/* Begin PBXGroup section */
		991FF61E2454562C00631C8A = {
			isa = PBXGroup;
			children = (
				991FF6292454562C00631C8A /* Project for old man */,
				991FF6402454562F00631C8A /* Project for old manTests */,
				991FF6282454562C00631C8A /* Products */,
			);
			sourceTree = "<group>";
		};
		991FF6282454562C00631C8A /* Products */ = {
			isa = PBXGroup;
			children = (
				991FF6272454562C00631C8A /* Project for old man.app */,
				991FF63D2454562F00631C8A /* Project for old manTests.xctest */,
			);
			name = Products;
			sourceTree = "<group>";
		};
		991FF6292454562C00631C8A /* Project for old man */ = {
			isa = PBXGroup;
			children = (
				991FF64C2454563500631C8A /* New Group */,
				991FF62A2454562C00631C8A /* AppDelegate.swift */,
				991FF62C2454562C00631C8A /* SceneDelegate.swift */,
				991FF62E2454562C00631C8A /* ViewController.swift */,
				991FF6332454562E00631C8A /* Assets.xcassets */,
				991FF6352454562E00631C8A /* LaunchScreen.storyboard */,
				991FF6382454562E00631C8A /* Info.plist */,
			);
			path = "Project for old man";
			sourceTree = "<group>";
		};
		991FF6402454562F00631C8A /* Project for old manTests */ = {
			isa = PBXGroup;
			children = (
				991FF6412454562F00631C8A /* Project_for_old_manTests.swift */,
				991FF6432454562F00631C8A /* Info.plist */,
			);
			path = "Project for old manTests";
			sourceTree = "<group>";
		};
		991FF64C2454563500631C8A /* New Group */ = {
			isa = PBXGroup;
			children = (
				991FF6302454562C00631C8A /* Main.storyboard */,
			);
			path = "New Group";
			sourceTree = "<group>";
		};
/* End PBXGroup section */

/* Begin PBXNativeTarget section */
		991FF6262454562C00631C8A /* Project for old man */ = {
			isa = PBXNativeTarget;
			buildConfigurationList = 991FF6462454562F00631C8A /* Build configuration list for PBXNativeTarget "Project for old man" */;
			buildPhases = (
				991FF6232454562C00631C8A /* Sources */,
				991FF6242454562C00631C8A /* Frameworks */,
				991FF6252454562C00631C8A /* Resources */,
			);
			buildRules = (
			);
			dependencies = (
			);
			name = "Project for old man";
			productName = "Project for old man";
			productReference = 991FF6272454562C00631C8A /* Project for old man.app */;
			productType = "com.apple.product-type.application";
		};
		991FF63C2454562F00631C8A /* Project for old manTests */ = {
			isa = PBXNativeTarget;
			buildConfigurationList = 991FF6492454562F00631C8A /* Build configuration list for PBXNativeTarget "Project for old manTests" */;
			buildPhases = (
				991FF6392454562F00631C8A /* Sources */,
				991FF63A2454562F00631C8A /* Frameworks */,
				991FF63B2454562F00631C8A /* Resources */,
			);
			buildRules = (
			);
			dependencies = (
				991FF63F2454562F00631C8A /* PBXTargetDependency */,
			);
			name = "Project for old manTests";
			productName = "Project for old manTests";
			productReference = 991FF63D2454562F00631C8A /* Project for old manTests.xctest */;
			productType = "com.apple.product-type.bundle.unit-test";
		};
/* End PBXNativeTarget section */

/* Begin PBXProject section */
		991FF61F2454562C00631C8A /* Project object */ = {
			isa = PBXProject;
			attributes = {
				LastSwiftUpdateCheck = 1140;
				LastUpgradeCheck = 1140;
				ORGANIZATIONNAME = Peem;
				TargetAttributes = {
					991FF6262454562C00631C8A = {
						CreatedOnToolsVersion = 11.4.1;
					};
					991FF63C2454562F00631C8A = {
						CreatedOnToolsVersion = 11.4.1;
						TestTargetID = 991FF6262454562C00631C8A;
					};
				};
			};
			buildConfigurationList = 991FF6222454562C00631C8A /* Build configuration list for PBXProject "Project for old man" */;
			compatibilityVersion = "Xcode 9.3";
			developmentRegion = en;
			hasScannedForEncodings = 0;
			knownRegions = (
				en,
				Base,
			);
			mainGroup = 991FF61E2454562C00631C8A;
			productRefGroup = 991FF6282454562C00631C8A /* Products */;
			projectDirPath = "";
			projectRoot = "";
			targets = (
				991FF6262454562C00631C8A /* Project for old man */,
				991FF63C2454562F00631C8A /* Project for old manTests */,
			);
		};
/* End PBXProject section */

/* Begin PBXResourcesBuildPhase section */
		991FF6252454562C00631C8A /* Resources */ = {
			isa = PBXResourcesBuildPhase;
			buildActionMask = 2147483647;
			files = (
				991FF6372454562E00631C8A /* LaunchScreen.storyboard in Resources */,
				991FF6342454562E00631C8A /* Assets.xcassets in Resources */,
				991FF6322454562C00631C8A /* Main.storyboard in Resources */,
			);
			runOnlyForDeploymentPostprocessing = 0;
		};
		991FF63B2454562F00631C8A /* Resources */ = {
			isa = PBXResourcesBuildPhase;
			buildActionMask = 2147483647;
			files = (
			);
			runOnlyForDeploymentPostprocessing = 0;
		};
/* End PBXResourcesBuildPhase section */

/* Begin PBXSourcesBuildPhase section */
		991FF6232454562C00631C8A /* Sources */ = {
			isa = PBXSourcesBuildPhase;
			buildActionMask = 2147483647;
			files = (
				991FF62F2454562C00631C8A /* ViewController.swift in Sources */,
				991FF62B2454562C00631C8A /* AppDelegate.swift in Sources */,
				991FF62D2454562C00631C8A /* SceneDelegate.swift in Sources */,
			);
			runOnlyForDeploymentPostprocessing = 0;
		};
		991FF6392454562F00631C8A /* Sources */ = {
			isa = PBXSourcesBuildPhase;
			buildActionMask = 2147483647;
			files = (
				991FF6422454562F00631C8A /* Project_for_old_manTests.swift in Sources */,
			);
			runOnlyForDeploymentPostprocessing = 0;
		};
/* End PBXSourcesBuildPhase section */

/* Begin PBXTargetDependency section */
		991FF63F2454562F00631C8A /* PBXTargetDependency */ = {
			isa = PBXTargetDependency;
			target = 991FF6262454562C00631C8A /* Project for old man */;
			targetProxy = 991FF63E2454562F00631C8A /* PBXContainerItemProxy */;
		};
/* End PBXTargetDependency section */

/* Begin PBXVariantGroup section */
		991FF6302454562C00631C8A /* Main.storyboard */ = {
			isa = PBXVariantGroup;
			children = (
				991FF6312454562C00631C8A /* Base */,
			);
			name = Main.storyboard;
			sourceTree = "<group>";
		};
		991FF6352454562E00631C8A /* LaunchScreen.storyboard */ = {
			isa = PBXVariantGroup;
			children = (
				991FF6362454562E00631C8A /* Base */,
			);
			name = LaunchScreen.storyboard;
			sourceTree = "<group>";
		};
/* End PBXVariantGroup section */

/* Begin XCBuildConfiguration section */
		991FF6442454562F00631C8A /* Debug */ = {
			isa = XCBuildConfiguration;
			buildSettings = {
				ALWAYS_SEARCH_USER_PATHS = NO;
				CLANG_ANALYZER_NONNULL = YES;
				CLANG_ANALYZER_NUMBER_OBJECT_CONVERSION = YES_AGGRESSIVE;
				CLANG_CXX_LANGUAGE_STANDARD = "gnu++14";
				CLANG_CXX_LIBRARY = "libc++";
				CLANG_ENABLE_MODULES = YES;
				CLANG_ENABLE_OBJC_ARC = YES;
				CLANG_ENABLE_OBJC_WEAK = YES;
				CLANG_WARN_BLOCK_CAPTURE_AUTORELEASING = YES;
				CLANG_WARN_BOOL_CONVERSION = YES;
				CLANG_WARN_COMMA = YES;
				CLANG_WARN_CONSTANT_CONVERSION = YES;
				CLANG_WARN_DEPRECATED_OBJC_IMPLEMENTATIONS = YES;
				CLANG_WARN_DIRECT_OBJC_ISA_USAGE = YES_ERROR;
				CLANG_WARN_DOCUMENTATION_COMMENTS = YES;
				CLANG_WARN_EMPTY_BODY = YES;
				CLANG_WARN_ENUM_CONVERSION = YES;
				CLANG_WARN_INFINITE_RECURSION = YES;
				CLANG_WARN_INT_CONVERSION = YES;
				CLANG_WARN_NON_LITERAL_NULL_CONVERSION = YES;
				CLANG_WARN_OBJC_IMPLICIT_RETAIN_SELF = YES;
				CLANG_WARN_OBJC_LITERAL_CONVERSION = YES;
				CLANG_WARN_OBJC_ROOT_CLASS = YES_ERROR;
				CLANG_WARN_RANGE_LOOP_ANALYSIS = YES;
				CLANG_WARN_STRICT_PROTOTYPES = YES;
				CLANG_WARN_SUSPICIOUS_MOVE = YES;
				CLANG_WARN_UNGUARDED_AVAILABILITY = YES_AGGRESSIVE;
				CLANG_WARN_UNREACHABLE_CODE = YES;
				CLANG_WARN__DUPLICATE_METHOD_MATCH = YES;
				COPY_PHASE_STRIP = NO;
				DEBUG_INFORMATION_FORMAT = dwarf;
				ENABLE_STRICT_OBJC_MSGSEND = YES;
				ENABLE_TESTABILITY = YES;
				GCC_C_LANGUAGE_STANDARD = gnu11;
				GCC_DYNAMIC_NO_PIC = NO;
				GCC_NO_COMMON_BLOCKS = YES;
				GCC_OPTIMIZATION_LEVEL = 0;
				GCC_PREPROCESSOR_DEFINITIONS = (
					"DEBUG=1",
					"$(inherited)",
				);
				GCC_WARN_64_TO_32_BIT_CONVERSION = YES;
				GCC_WARN_ABOUT_RETURN_TYPE = YES_ERROR;
				GCC_WARN_UNDECLARED_SELECTOR = YES;
				GCC_WARN_UNINITIALIZED_AUTOS = YES_AGGRESSIVE;
				GCC_WARN_UNUSED_FUNCTION = YES;
				GCC_WARN_UNUSED_VARIABLE = YES;
				IPHONEOS_DEPLOYMENT_TARGET = 13.4;
				MTL_ENABLE_DEBUG_INFO = INCLUDE_SOURCE;
				MTL_FAST_MATH = YES;
				ONLY_ACTIVE_ARCH = YES;
				SDKROOT = iphoneos;
				SWIFT_ACTIVE_COMPILATION_CONDITIONS = DEBUG;
				SWIFT_OPTIMIZATION_LEVEL = "-Onone";
			};
			name = Debug;
		};
		991FF6452454562F00631C8A /* Release */ = {
			isa = XCBuildConfiguration;
			buildSettings = {
				ALWAYS_SEARCH_USER_PATHS = NO;
				CLANG_ANALYZER_NONNULL = YES;
				CLANG_ANALYZER_NUMBER_OBJECT_CONVERSION = YES_AGGRESSIVE;
				CLANG_CXX_LANGUAGE_STANDARD = "gnu++14";
				CLANG_CXX_LIBRARY = "libc++";
				CLANG_ENABLE_MODULES = YES;
				CLANG_ENABLE_OBJC_ARC = YES;
				CLANG_ENABLE_OBJC_WEAK = YES;
				CLANG_WARN_BLOCK_CAPTURE_AUTORELEASING = YES;
				CLANG_WARN_BOOL_CONVERSION = YES;
				CLANG_WARN_COMMA = YES;
				CLANG_WARN_CONSTANT_CONVERSION = YES;
				CLANG_WARN_DEPRECATED_OBJC_IMPLEMENTATIONS = YES;
				CLANG_WARN_DIRECT_OBJC_ISA_USAGE = YES_ERROR;
				CLANG_WARN_DOCUMENTATION_COMMENTS = YES;
				CLANG_WARN_EMPTY_BODY = YES;
				CLANG_WARN_ENUM_CONVERSION = YES;
				CLANG_WARN_INFINITE_RECURSION = YES;
				CLANG_WARN_INT_CONVERSION = YES;
				CLANG_WARN_NON_LITERAL_NULL_CONVERSION = YES;
				CLANG_WARN_OBJC_IMPLICIT_RETAIN_SELF = YES;
				CLANG_WARN_OBJC_LITERAL_CONVERSION = YES;
				CLANG_WARN_OBJC_ROOT_CLASS = YES_ERROR;
				CLANG_WARN_RANGE_LOOP_ANALYSIS = YES;
				CLANG_WARN_STRICT_PROTOTYPES = YES;
				CLANG_WARN_SUSPICIOUS_MOVE = YES;
				CLANG_WARN_UNGUARDED_AVAILABILITY = YES_AGGRESSIVE;
				CLANG_WARN_UNREACHABLE_CODE = YES;
				CLANG_WARN__DUPLICATE_METHOD_MATCH = YES;
				COPY_PHASE_STRIP = NO;
				DEBUG_INFORMATION_FORMAT = "dwarf-with-dsym";
				ENABLE_NS_ASSERTIONS = NO;
				ENABLE_STRICT_OBJC_MSGSEND = YES;
				GCC_C_LANGUAGE_STANDARD = gnu11;
				GCC_NO_COMMON_BLOCKS = YES;
				GCC_WARN_64_TO_32_BIT_CONVERSION = YES;
				GCC_WARN_ABOUT_RETURN_TYPE = YES_ERROR;
				GCC_WARN_UNDECLARED_SELECTOR = YES;
				GCC_WARN_UNINITIALIZED_AUTOS = YES_AGGRESSIVE;
				GCC_WARN_UNUSED_FUNCTION = YES;
				GCC_WARN_UNUSED_VARIABLE = YES;
				IPHONEOS_DEPLOYMENT_TARGET = 13.4;
				MTL_ENABLE_DEBUG_INFO = NO;
				MTL_FAST_MATH = YES;
				SDKROOT = iphoneos;
				SWIFT_COMPILATION_MODE = wholemodule;
				SWIFT_OPTIMIZATION_LEVEL = "-O";
				VALIDATE_PRODUCT = YES;
			};
			name = Release;
		};
		991FF6472454562F00631C8A /* Debug */ = {
			isa = XCBuildConfiguration;
			buildSettings = {
				ASSETCATALOG_COMPILER_APPICON_NAME = AppIcon;
				CODE_SIGN_STYLE = Automatic;
				DEVELOPMENT_TEAM = 94NVY3DZP9;
				INFOPLIST_FILE = "Project for old man/Info.plist";
				LD_RUNPATH_SEARCH_PATHS = (
					"$(inherited)",
					"@executable_path/Frameworks",
				);
				PRODUCT_BUNDLE_IDENTIFIER = "Peem.Project-for-old-man";
				PRODUCT_NAME = "$(TARGET_NAME)";
				SWIFT_VERSION = 5.0;
				TARGETED_DEVICE_FAMILY = "1,2";
			};
			name = Debug;
		};
		991FF6482454562F00631C8A /* Release */ = {
			isa = XCBuildConfiguration;
			buildSettings = {
				ASSETCATALOG_COMPILER_APPICON_NAME = AppIcon;
				CODE_SIGN_STYLE = Automatic;
				DEVELOPMENT_TEAM = 94NVY3DZP9;
				INFOPLIST_FILE = "Project for old man/Info.plist";
				LD_RUNPATH_SEARCH_PATHS = (
					"$(inherited)",
					"@executable_path/Frameworks",
				);
				PRODUCT_BUNDLE_IDENTIFIER = "Peem.Project-for-old-man";
				PRODUCT_NAME = "$(TARGET_NAME)";
				SWIFT_VERSION = 5.0;
				TARGETED_DEVICE_FAMILY = "1,2";
			};
			name = Release;
		};
		991FF64A2454562F00631C8A /* Debug */ = {
			isa = XCBuildConfiguration;
			buildSettings = {
				ALWAYS_EMBED_SWIFT_STANDARD_LIBRARIES = YES;
				BUNDLE_LOADER = "$(TEST_HOST)";
				CODE_SIGN_STYLE = Automatic;
				DEVELOPMENT_TEAM = 94NVY3DZP9;
				INFOPLIST_FILE = "Project for old manTests/Info.plist";
				IPHONEOS_DEPLOYMENT_TARGET = 13.4;
				LD_RUNPATH_SEARCH_PATHS = (
					"$(inherited)",
					"@executable_path/Frameworks",
					"@loader_path/Frameworks",
				);
				PRODUCT_BUNDLE_IDENTIFIER = "Peem.Project-for-old-manTests";
				PRODUCT_NAME = "$(TARGET_NAME)";
				SWIFT_VERSION = 5.0;
				TARGETED_DEVICE_FAMILY = "1,2";
				TEST_HOST = "$(BUILT_PRODUCTS_DIR)/Project for old man.app/Project for old man";
			};
			name = Debug;
		};
		991FF64B2454562F00631C8A /* Release */ = {
			isa = XCBuildConfiguration;
			buildSettings = {
				ALWAYS_EMBED_SWIFT_STANDARD_LIBRARIES = YES;
				BUNDLE_LOADER = "$(TEST_HOST)";
				CODE_SIGN_STYLE = Automatic;
				DEVELOPMENT_TEAM = 94NVY3DZP9;
				INFOPLIST_FILE = "Project for old manTests/Info.plist";
				IPHONEOS_DEPLOYMENT_TARGET = 13.4;
				LD_RUNPATH_SEARCH_PATHS = (
					"$(inherited)",
					"@executable_path/Frameworks",
					"@loader_path/Frameworks",
				);
				PRODUCT_BUNDLE_IDENTIFIER = "Peem.Project-for-old-manTests";
				PRODUCT_NAME = "$(TARGET_NAME)";
				SWIFT_VERSION = 5.0;
				TARGETED_DEVICE_FAMILY = "1,2";
				TEST_HOST = "$(BUILT_PRODUCTS_DIR)/Project for old man.app/Project for old man";
			};
			name = Release;
		};
/* End XCBuildConfiguration section */

/* Begin XCConfigurationList section */
		991FF6222454562C00631C8A /* Build configuration list for PBXProject "Project for old man" */ = {
			isa = XCConfigurationList;
			buildConfigurations = (
				991FF6442454562F00631C8A /* Debug */,
				991FF6452454562F00631C8A /* Release */,
			);
			defaultConfigurationIsVisible = 0;
			defaultConfigurationName = Release;
		};
		991FF6462454562F00631C8A /* Build configuration list for PBXNativeTarget "Project for old man" */ = {
			isa = XCConfigurationList;
			buildConfigurations = (
				991FF6472454562F00631C8A /* Debug */,
				991FF6482454562F00631C8A /* Release */,
			);
			defaultConfigurationIsVisible = 0;
			defaultConfigurationName = Release;
		};
		991FF6492454562F00631C8A /* Build configuration list for PBXNativeTarget "Project for old manTests" */ = {
			isa = XCConfigurationList;
			buildConfigurations = (
				991FF64A2454562F00631C8A /* Debug */,
				991FF64B2454562F00631C8A /* Release */,
			);
			defaultConfigurationIsVisible = 0;
			defaultConfigurationName = Release;
		};
/* End XCConfigurationList section */
	};
	rootObject = 991FF61F2454562C00631C8A /* Project object */;
}
